// !$*UTF8*$!
{
	archiveVersion = 1;
	classes = {
	};
	objectVersion = 77;
	objects = {

/* Begin PBXBuildFile section */
		08F55B593F99B626B46D8AF6 /* OatmealUI in Frameworks */ = {isa = PBXBuildFile; productRef = 51D86E76CD366B868D6C4A14 /* OatmealUI */; };
		1CE6B15BD3364FAFB7373BDF /* OatmealMacApp.swift in Sources */ = {isa = PBXBuildFile; fileRef = A2808A4856F6B0BAFE3DA16A /* OatmealMacApp.swift */; };
/* End PBXBuildFile section */

/* Begin PBXFileReference section */
		0B24F7E5BB10B0C03C67E516 /* Info.plist */ = {isa = PBXFileReference; lastKnownFileType = text.plist; path = Info.plist; sourceTree = "<group>"; };
		52D9A1057A45B36C629908E3 /* oatmeal_v2 */ = {isa = PBXFileReference; lastKnownFileType = folder; name = oatmeal_v2; path = .; sourceTree = SOURCE_ROOT; };
		A2808A4856F6B0BAFE3DA16A /* OatmealMacApp.swift */ = {isa = PBXFileReference; lastKnownFileType = sourcecode.swift; path = OatmealMacApp.swift; sourceTree = "<group>"; };
		CB0B2FCBD0EBE0AE5588DC1A /* Oatmeal.app */ = {isa = PBXFileReference; explicitFileType = wrapper.application; includeInIndex = 0; path = Oatmeal.app; sourceTree = BUILT_PRODUCTS_DIR; };
/* End PBXFileReference section */

/* Begin PBXFrameworksBuildPhase section */
		70B2E79876BA3C7313EC0C5B /* Frameworks */ = {
			isa = PBXFrameworksBuildPhase;
			buildActionMask = 2147483647;
			files = (
				08F55B593F99B626B46D8AF6 /* OatmealUI in Frameworks */,
			);
			runOnlyForDeploymentPostprocessing = 0;
		};
/* End PBXFrameworksBuildPhase section */

/* Begin PBXGroup section */
		6D46526877988053FD0CD290 /* OatmealMac */ = {
			isa = PBXGroup;
			children = (
				0B24F7E5BB10B0C03C67E516 /* Info.plist */,
				A2808A4856F6B0BAFE3DA16A /* OatmealMacApp.swift */,
			);
			path = OatmealMac;
			sourceTree = "<group>";
		};
		786CD5E0323E660AF8F483AF /* Products */ = {
			isa = PBXGroup;
			children = (
				CB0B2FCBD0EBE0AE5588DC1A /* Oatmeal.app */,
			);
			name = Products;
			sourceTree = "<group>";
		};
		84C8BAD19DD140F7B6440C66 = {
			isa = PBXGroup;
			children = (
				6D46526877988053FD0CD290 /* OatmealMac */,
				885E7990F833929F895EAF1D /* Packages */,
				786CD5E0323E660AF8F483AF /* Products */,
			);
			sourceTree = "<group>";
		};
		885E7990F833929F895EAF1D /* Packages */ = {
			isa = PBXGroup;
			children = (
				52D9A1057A45B36C629908E3 /* oatmeal_v2 */,
			);
			name = Packages;
			sourceTree = "<group>";
		};
/* End PBXGroup section */

/* Begin PBXNativeTarget section */
		6BF2221DB47F6F347EB19EF9 /* OatmealMac */ = {
			isa = PBXNativeTarget;
			buildConfigurationList = 32DFB098DF9021D084DB8C93 /* Build configuration list for PBXNativeTarget "OatmealMac" */;
			buildPhases = (
				105E39B4C63A4A592E492D2A /* Sources */,
				70B2E79876BA3C7313EC0C5B /* Frameworks */,
			);
			buildRules = (
			);
			dependencies = (
			);
			name = OatmealMac;
			packageProductDependencies = (
				51D86E76CD366B868D6C4A14 /* OatmealUI */,
			);
			productName = OatmealMac;
			productReference = CB0B2FCBD0EBE0AE5588DC1A /* Oatmeal.app */;
			productType = "com.apple.product-type.application";
		};
/* End PBXNativeTarget section */

/* Begin PBXProject section */
		1E44A4A175876521E1515B0B /* Project object */ = {
			isa = PBXProject;
			attributes = {
				BuildIndependentTargetsInParallel = YES;
				LastUpgradeCheck = 1430;
				TargetAttributes = {
				};
			};
			buildConfigurationList = C3C0DDF4CD27400408403290 /* Build configuration list for PBXProject "Oatmeal" */;
			developmentRegion = en;
			hasScannedForEncodings = 0;
			knownRegions = (
				Base,
				en,
			);
			mainGroup = 84C8BAD19DD140F7B6440C66;
			minimizedProjectReferenceProxies = 1;
			packageReferences = (
				9F04C8C2484B65B7F234010D /* XCLocalSwiftPackageReference "." */,
			);
			preferredProjectObjectVersion = 77;
			productRefGroup = 786CD5E0323E660AF8F483AF /* Products */;
			projectDirPath = "";
			projectRoot = "";
			targets = (
				6BF2221DB47F6F347EB19EF9 /* OatmealMac */,
			);
		};
/* End PBXProject section */

/* Begin PBXSourcesBuildPhase section */
		105E39B4C63A4A592E492D2A /* Sources */ = {
			isa = PBXSourcesBuildPhase;
			buildActionMask = 2147483647;
			files = (
				1CE6B15BD3364FAFB7373BDF /* OatmealMacApp.swift in Sources */,
			);
			runOnlyForDeploymentPostprocessing = 0;
		};
/* End PBXSourcesBuildPhase section */

/* Begin XCBuildConfiguration section */
		25EE4695A26A13B0748F511B /* Debug */ = {
			isa = XCBuildConfiguration;
			buildSettings = {
				ASSETCATALOG_COMPILER_APPICON_NAME = AppIcon;
				COMBINE_HIDPI_IMAGES = YES;
				GENERATE_INFOPLIST_FILE = NO;
				INFOPLIST_FILE = OatmealMac/Info.plist;
				LD_RUNPATH_SEARCH_PATHS = (
					"$(inherited)",
					"@executable_path/../Frameworks",
				);
				MACOSX_DEPLOYMENT_TARGET = 15.0;
				PRODUCT_BUNDLE_IDENTIFIER = ai.oatmeal.mac;
				PRODUCT_NAME = Oatmeal;
				SDKROOT = macosx;
			};
			name = Debug;
		};
		48CC9DDC4BA1E512355E29C4 /* Debug */ = {
			isa = XCBuildConfiguration;
			buildSettings = {
				ALWAYS_SEARCH_USER_PATHS = NO;
				CLANG_ANALYZER_NONNULL = YES;
				CLANG_ANALYZER_NUMBER_OBJECT_CONVERSION = YES_AGGRESSIVE;
				CLANG_CXX_LANGUAGE_STANDARD = "gnu++14";
				CLANG_CXX_LIBRARY = "libc++";
				CLANG_ENABLE_MODULES = YES;
				CLANG_ENABLE_OBJC_ARC = YES;
				CLANG_ENABLE_OBJC_WEAK = YES;
				CLANG_WARN_BLOCK_CAPTURE_AUTORELEASING = YES;
				CLANG_WARN_BOOL_CONVERSION = YES;
				CLANG_WARN_COMMA = YES;
				CLANG_WARN_CONSTANT_CONVERSION = YES;
				CLANG_WARN_DEPRECATED_OBJC_IMPLEMENTATIONS = YES;
				CLANG_WARN_DIRECT_OBJC_ISA_USAGE = YES_ERROR;
				CLANG_WARN_DOCUMENTATION_COMMENTS = YES;
				CLANG_WARN_EMPTY_BODY = YES;
				CLANG_WARN_ENUM_CONVERSION = YES;
				CLANG_WARN_INFINITE_RECURSION = YES;
				CLANG_WARN_INT_CONVERSION = YES;
				CLANG_WARN_NON_LITERAL_NULL_CONVERSION = YES;
				CLANG_WARN_OBJC_IMPLICIT_RETAIN_SELF = YES;
				CLANG_WARN_OBJC_LITERAL_CONVERSION = YES;
				CLANG_WARN_OBJC_ROOT_CLASS = YES_ERROR;
				CLANG_WARN_QUOTED_INCLUDE_IN_FRAMEWORK_HEADER = YES;
				CLANG_WARN_RANGE_LOOP_ANALYSIS = YES;
				CLANG_WARN_STRICT_PROTOTYPES = YES;
				CLANG_WARN_SUSPICIOUS_MOVE = YES;
				CLANG_WARN_UNGUARDED_AVAILABILITY = YES_AGGRESSIVE;
				CLANG_WARN_UNREACHABLE_CODE = YES;
				CLANG_WARN__DUPLICATE_METHOD_MATCH = YES;
				COPY_PHASE_STRIP = NO;
				DEBUG_INFORMATION_FORMAT = dwarf;
				ENABLE_STRICT_OBJC_MSGSEND = YES;
				ENABLE_TESTABILITY = YES;
				GCC_C_LANGUAGE_STANDARD = gnu11;
				GCC_DYNAMIC_NO_PIC = NO;
				GCC_NO_COMMON_BLOCKS = YES;
				GCC_OPTIMIZATION_LEVEL = 0;
				GCC_PREPROCESSOR_DEFINITIONS = (
					"$(inherited)",
					"DEBUG=1",
				);
				GCC_WARN_64_TO_32_BIT_CONVERSION = YES;
				GCC_WARN_ABOUT_RETURN_TYPE = YES_ERROR;
				GCC_WARN_UNDECLARED_SELECTOR = YES;
				GCC_WARN_UNINITIALIZED_AUTOS = YES_AGGRESSIVE;
				GCC_WARN_UNUSED_FUNCTION = YES;
				GCC_WARN_UNUSED_VARIABLE = YES;
				MTL_ENABLE_DEBUG_INFO = INCLUDE_SOURCE;
				MTL_FAST_MATH = YES;
				ONLY_ACTIVE_ARCH = YES;
				PRODUCT_NAME = "$(TARGET_NAME)";
				SDKROOT = macosx;
				SWIFT_ACTIVE_COMPILATION_CONDITIONS = DEBUG;
				SWIFT_OPTIMIZATION_LEVEL = "-Onone";
				SWIFT_VERSION = 5.0;
			};
			name = Debug;
		};
		D7B2EA30ECF666CBF6C85C84 /* Release */ = {
			isa = XCBuildConfiguration;
			buildSettings = {
				ASSETCATALOG_COMPILER_APPICON_NAME = AppIcon;
				COMBINE_HIDPI_IMAGES = YES;
				GENERATE_INFOPLIST_FILE = NO;
				INFOPLIST_FILE = OatmealMac/Info.plist;
				LD_RUNPATH_SEARCH_PATHS = (
					"$(inherited)",
					"@executable_path/../Frameworks",
				);
				MACOSX_DEPLOYMENT_TARGET = 15.0;
				PRODUCT_BUNDLE_IDENTIFIER = ai.oatmeal.mac;
				PRODUCT_NAME = Oatmeal;
				SDKROOT = macosx;
			};
			name = Release;
		};
		DD36A9D93A74AD396A643F35 /* Release */ = {
			isa = XCBuildConfiguration;
			buildSettings = {
				ALWAYS_SEARCH_USER_PATHS = NO;
				CLANG_ANALYZER_NONNULL = YES;
				CLANG_ANALYZER_NUMBER_OBJECT_CONVERSION = YES_AGGRESSIVE;
				CLANG_CXX_LANGUAGE_STANDARD = "gnu++14";
				CLANG_CXX_LIBRARY = "libc++";
				CLANG_ENABLE_MODULES = YES;
				CLANG_ENABLE_OBJC_ARC = YES;
				CLANG_ENABLE_OBJC_WEAK = YES;
				CLANG_WARN_BLOCK_CAPTURE_AUTORELEASING = YES;
				CLANG_WARN_BOOL_CONVERSION = YES;
				CLANG_WARN_COMMA = YES;
				CLANG_WARN_CONSTANT_CONVERSION = YES;
				CLANG_WARN_DEPRECATED_OBJC_IMPLEMENTATIONS = YES;
				CLANG_WARN_DIRECT_OBJC_ISA_USAGE = YES_ERROR;
				CLANG_WARN_DOCUMENTATION_COMMENTS = YES;
				CLANG_WARN_EMPTY_BODY = YES;
				CLANG_WARN_ENUM_CONVERSION = YES;
				CLANG_WARN_INFINITE_RECURSION = YES;
				CLANG_WARN_INT_CONVERSION = YES;
				CLANG_WARN_NON_LITERAL_NULL_CONVERSION = YES;
				CLANG_WARN_OBJC_IMPLICIT_RETAIN_SELF = YES;
				CLANG_WARN_OBJC_LITERAL_CONVERSION = YES;
				CLANG_WARN_OBJC_ROOT_CLASS = YES_ERROR;
				CLANG_WARN_QUOTED_INCLUDE_IN_FRAMEWORK_HEADER = YES;
				CLANG_WARN_RANGE_LOOP_ANALYSIS = YES;
				CLANG_WARN_STRICT_PROTOTYPES = YES;
				CLANG_WARN_SUSPICIOUS_MOVE = YES;
				CLANG_WARN_UNGUARDED_AVAILABILITY = YES_AGGRESSIVE;
				CLANG_WARN_UNREACHABLE_CODE = YES;
				CLANG_WARN__DUPLICATE_METHOD_MATCH = YES;
				COPY_PHASE_STRIP = NO;
				DEBUG_INFORMATION_FORMAT = "dwarf-with-dsym";
				ENABLE_NS_ASSERTIONS = NO;
				ENABLE_STRICT_OBJC_MSGSEND = YES;
				GCC_C_LANGUAGE_STANDARD = gnu11;
				GCC_NO_COMMON_BLOCKS = YES;
				GCC_WARN_64_TO_32_BIT_CONVERSION = YES;
				GCC_WARN_ABOUT_RETURN_TYPE = YES_ERROR;
				GCC_WARN_UNDECLARED_SELECTOR = YES;
				GCC_WARN_UNINITIALIZED_AUTOS = YES_AGGRESSIVE;
				GCC_WARN_UNUSED_FUNCTION = YES;
				GCC_WARN_UNUSED_VARIABLE = YES;
				MTL_ENABLE_DEBUG_INFO = NO;
				MTL_FAST_MATH = YES;
				PRODUCT_NAME = "$(TARGET_NAME)";
				SDKROOT = macosx;
				SWIFT_COMPILATION_MODE = wholemodule;
				SWIFT_OPTIMIZATION_LEVEL = "-O";
				SWIFT_VERSION = 5.0;
			};
			name = Release;
		};
/* End XCBuildConfiguration section */

/* Begin XCConfigurationList section */
		32DFB098DF9021D084DB8C93 /* Build configuration list for PBXNativeTarget "OatmealMac" */ = {
			isa = XCConfigurationList;
			buildConfigurations = (
				25EE4695A26A13B0748F511B /* Debug */,
				D7B2EA30ECF666CBF6C85C84 /* Release */,
			);
			defaultConfigurationIsVisible = 0;
			defaultConfigurationName = Debug;
		};
		C3C0DDF4CD27400408403290 /* Build configuration list for PBXProject "Oatmeal" */ = {
			isa = XCConfigurationList;
			buildConfigurations = (
				48CC9DDC4BA1E512355E29C4 /* Debug */,
				DD36A9D93A74AD396A643F35 /* Release */,
			);
			defaultConfigurationIsVisible = 0;
			defaultConfigurationName = Debug;
		};
/* End XCConfigurationList section */

/* Begin XCLocalSwiftPackageReference section */
		9F04C8C2484B65B7F234010D /* XCLocalSwiftPackageReference "." */ = {
			isa = XCLocalSwiftPackageReference;
			relativePath = .;
		};
/* End XCLocalSwiftPackageReference section */

/* Begin XCSwiftPackageProductDependency section */
		51D86E76CD366B868D6C4A14 /* OatmealUI */ = {
			isa = XCSwiftPackageProductDependency;
			productName = OatmealUI;
		};
/* End XCSwiftPackageProductDependency section */
	};
	rootObject = 1E44A4A175876521E1515B0B /* Project object */;
}
